// !$*UTF8*$!
{
	archiveVersion = 1;
	classes = {
	};
	objectVersion = 46;
	objects = {

/* Begin PBXFileReference section */
		EEE161841612697400BC08FF /* main.c */ = {isa = PBXFileReference; fileEncoding = 4; lastKnownFileType = sourcecode.c.c; name = main.c; path = ../main.c; sourceTree = "<group>"; };
		EEE161871612697400BC08FF /* Source */ = {isa = PBXFileReference; lastKnownFileType = folder; name = Source; path = ../Source; sourceTree = "<group>"; };
		EEE161881612697400BC08FF /* stm32f4xx_conf.h */ = {isa = PBXFileReference; fileEncoding = 4; lastKnownFileType = sourcecode.c.h; name = stm32f4xx_conf.h; path = ../stm32f4xx_conf.h; sourceTree = "<group>"; };
		EEE1618A1612699F00BC08FF /* Makefile */ = {isa = PBXFileReference; fileEncoding = 4; lastKnownFileType = sourcecode.make; name = Makefile; path = ../Makefile; sourceTree = "<group>"; };
/* End PBXFileReference section */

/* Begin PBXGroup section */
		EEE161761612696200BC08FF = {
			isa = PBXGroup;
			children = (
				EEE161841612697400BC08FF /* main.c */,
				EEE1618A1612699F00BC08FF /* Makefile */,
				EEE161871612697400BC08FF /* Source */,
				EEE161881612697400BC08FF /* stm32f4xx_conf.h */,
			);
			sourceTree = "<group>";
		};
/* End PBXGroup section */

/* Begin PBXLegacyTarget section */
		EEE1617D1612696200BC08FF /* freertos */ = {
			isa = PBXLegacyTarget;
			buildArgumentsString = deploy;
			buildConfigurationList = EEE161801612696200BC08FF /* Build configuration list for PBXLegacyTarget "freertos" */;
			buildPhases = (
			);
			buildToolPath = /usr/bin/make;
			buildWorkingDirectory = /Users/nraynaud/dev/DiscoveryF4_RTOS;
			dependencies = (
			);
			name = freertos;
			passBuildSettingsInEnvironment = 1;
			productName = freertos;
		};
/* End PBXLegacyTarget section */

/* Begin PBXProject section */
		EEE161781612696200BC08FF /* Project object */ = {
			isa = PBXProject;
			attributes = {
				LastUpgradeCheck = 0450;
				ORGANIZATIONNAME = "Nicolas Raynaud";
			};
			buildConfigurationList = EEE1617B1612696200BC08FF /* Build configuration list for PBXProject "freertos" */;
			compatibilityVersion = "Xcode 3.2";
			developmentRegion = English;
			hasScannedForEncodings = 0;
			knownRegions = (
				en,
			);
			mainGroup = EEE161761612696200BC08FF;
			projectDirPath = "";
			projectRoot = "";
			targets = (
				EEE1617D1612696200BC08FF /* freertos */,
			);
		};
/* End PBXProject section */

/* Begin XCBuildConfiguration section */
		EEE1617E1612696200BC08FF /* Debug */ = {
			isa = XCBuildConfiguration;
			buildSettings = {
				ALWAYS_SEARCH_USER_PATHS = NO;
				ARCHS = "$(ARCHS_STANDARD_64_BIT)";
				CLANG_CXX_LANGUAGE_STANDARD = "gnu++0x";
				CLANG_CXX_LIBRARY = "libc++";
				CLANG_WARN_EMPTY_BODY = YES;
				CLANG_WARN__DUPLICATE_METHOD_MATCH = YES;
				COPY_PHASE_STRIP = NO;
				GCC_C_LANGUAGE_STANDARD = gnu99;
				GCC_DYNAMIC_NO_PIC = NO;
				GCC_ENABLE_OBJC_EXCEPTIONS = YES;
				GCC_OPTIMIZATION_LEVEL = 0;
				GCC_PREPROCESSOR_DEFINITIONS = (
					"DEBUG=1",
					"$(inherited)",
				);
				GCC_SYMBOLS_PRIVATE_EXTERN = NO;
				GCC_WARN_64_TO_32_BIT_CONVERSION = YES;
				GCC_WARN_ABOUT_RETURN_TYPE = YES;
				GCC_WARN_UNINITIALIZED_AUTOS = YES;
				GCC_WARN_UNUSED_VARIABLE = YES;
				MACOSX_DEPLOYMENT_TARGET = 10.8;
				ONLY_ACTIVE_ARCH = YES;
				SDKROOT = macosx;
			};
			name = Debug;
		};
		EEE1617F1612696200BC08FF /* Release */ = {
			isa = XCBuildConfiguration;
			buildSettings = {
				ALWAYS_SEARCH_USER_PATHS = NO;
				ARCHS = "$(ARCHS_STANDARD_64_BIT)";
				CLANG_CXX_LANGUAGE_STANDARD = "gnu++0x";
				CLANG_CXX_LIBRARY = "libc++";
				CLANG_WARN_EMPTY_BODY = YES;
				CLANG_WARN__DUPLICATE_METHOD_MATCH = YES;
				COPY_PHASE_STRIP = YES;
				DEBUG_INFORMATION_FORMAT = "dwarf-with-dsym";
				GCC_C_LANGUAGE_STANDARD = gnu99;
				GCC_ENABLE_OBJC_EXCEPTIONS = YES;
				GCC_WARN_64_TO_32_BIT_CONVERSION = YES;
				GCC_WARN_ABOUT_RETURN_TYPE = YES;
				GCC_WARN_UNINITIALIZED_AUTOS = YES;
				GCC_WARN_UNUSED_VARIABLE = YES;
				MACOSX_DEPLOYMENT_TARGET = 10.8;
				SDKROOT = macosx;
			};
			name = Release;
		};
		EEE161811612696200BC08FF /* Debug */ = {
			isa = XCBuildConfiguration;
			buildSettings = {
				DEBUGGING_SYMBOLS = YES;
				GCC_GENERATE_DEBUGGING_SYMBOLS = YES;
				GCC_OPTIMIZATION_LEVEL = 0;
				OTHER_CFLAGS = "";
				OTHER_LDFLAGS = "";
				PRODUCT_NAME = "$(TARGET_NAME)";
			};
			name = Debug;
		};
		EEE161821612696200BC08FF /* Release */ = {
			isa = XCBuildConfiguration;
			buildSettings = {
				OTHER_CFLAGS = "";
				OTHER_LDFLAGS = "";
				PRODUCT_NAME = "$(TARGET_NAME)";
			};
			name = Release;
		};
/* End XCBuildConfiguration section */

/* Begin XCConfigurationList section */
		EEE1617B1612696200BC08FF /* Build configuration list for PBXProject "freertos" */ = {
			isa = XCConfigurationList;
			buildConfigurations = (
				EEE1617E1612696200BC08FF /* Debug */,
				EEE1617F1612696200BC08FF /* Release */,
			);
			defaultConfigurationIsVisible = 0;
			defaultConfigurationName = Release;
		};
		EEE161801612696200BC08FF /* Build configuration list for PBXLegacyTarget "freertos" */ = {
			isa = XCConfigurationList;
			buildConfigurations = (
				EEE161811612696200BC08FF /* Debug */,
				EEE161821612696200BC08FF /* Release */,
			);
			defaultConfigurationIsVisible = 0;
			defaultConfigurationName = Release;
		};
/* End XCConfigurationList section */
	};
	rootObject = EEE161781612696200BC08FF /* Project object */;
}
